{
  "name": "zenn-content",
  "version": "1.0.0",
  "lockfileVersion": 3,
  "requires": true,
  "packages": {
    "": {
      "name": "zenn-content",
      "version": "1.0.0",
      "license": "ISC",
      "dependencies": {
        "zenn-cli": "^0.1.159"
      }
    },
    "node_modules/zenn-cli": {
      "version": "0.1.159",
      "resolved": "https://registry.npmjs.org/zenn-cli/-/zenn-cli-0.1.159.tgz",
      "integrity": "sha512-a4/Lkg3DnxWlYh2Z0abuvvmpQc0BnfTQrVyNQxYm+IOrwGJepZabwWTT0Q3eZ3r7hAV/xd8MZsmZL3y3pzMpAA==",
      "license": "MIT",
      "bin": {
        "zenn": "dist/server/zenn.js"
      },
      "engines": {
        "node": ">=14.0.0"
      }
    }
  }
}
